
Microsoft Visual Studio Solution File, Format Version 12.00
# Visual Studio Version 16
VisualStudioVersion = 16.0.32510.428
MinimumVisualStudioVersion = 10.0.40219.1
Project("{9A19103F-16F7-4668-BE54-9A1E7A4F7556}") = "LibraryManagementSystem", "LibraryManagementSystem\LibraryManagementSystem.csproj", "{F45EA40F-0F65-4FF4-B99E-99EBF7338768}"
EndProject
Project("{FAE04EC0-301F-11D3-BF4B-00C04F79EFBC}") = "LibraryManagementSystem.Tests", "LibraryManagementSystem.Tests\LibraryManagementSystem.Tests.csproj", "{2CE0E3DB-EEFC-47CA-A116-3CEC2A44E4E8}"
EndProject
Global
	GlobalSection(SolutionConfigurationPlatforms) = preSolution
		Debug|Any CPU = Debug|Any CPU
		Release|Any CPU = Release|Any CPU
	EndGlobalSection
	GlobalSection(ProjectConfigurationPlatforms) = postSolution
		{F45EA40F-0F65-4FF4-B99E-99EBF7338768}.Debug|Any CPU.ActiveCfg = Debug|Any CPU
		{F45EA40F-0F65-4FF4-B99E-99EBF7338768}.Debug|Any CPU.Build.0 = Debug|Any CPU
		{F45EA40F-0F65-4FF4-B99E-99EBF7338768}.Release|Any CPU.ActiveCfg = Release|Any CPU
		{F45EA40F-0F65-4FF4-B99E-99EBF7338768}.Release|Any CPU.Build.0 = Release|Any CPU
		{2CE0E3DB-EEFC-47CA-A116-3CEC2A44E4E8}.Debug|Any CPU.ActiveCfg = Debug|Any CPU
		{2CE0E3DB-EEFC-47CA-A116-3CEC2A44E4E8}.Debug|Any CPU.Build.0 = Debug|Any CPU
		{2CE0E3DB-EEFC-47CA-A116-3CEC2A44E4E8}.Release|Any CPU.ActiveCfg = Release|Any CPU
		{2CE0E3DB-EEFC-47CA-A116-3CEC2A44E4E8}.Release|Any CPU.Build.0 = Release|Any CPU
	EndGlobalSection
	GlobalSection(SolutionProperties) = preSolution
		HideSolutionNode = FALSE
	EndGlobalSection
	GlobalSection(ExtensibilityGlobals) = postSolution
		SolutionGuid = {52EF4D46-C019-446E-8290-DDB3D43A99C7}
	EndGlobalSection
EndGlobal
